<?xml version="1.0" encoding="utf-8"?>
<Project ToolsVersion="4.0" xmlns="http://schemas.microsoft.com/developer/msbuild/2003">
  <ItemGroup>
    <Filter Include="源文件">
      <UniqueIdentifier>{4FC737F1-C7A5-4376-A066-2A32D752A2FF}</UniqueIdentifier>
      <Extensions>cpp;c;cc;cxx;c++;def;odl;idl;hpj;bat;asm;asmx</Extensions>
    </Filter>
    <Filter Include="资源文件">
      <UniqueIdentifier>{67DA6AB6-F800-4c08-8B7A-83BB121AAD01}</UniqueIdentifier>
      <Extensions>rc;ico;cur;bmp;dlg;rc2;rct;bin;rgs;gif;jpg;jpeg;jpe;resx;tiff;tif;png;wav;mfcribbon-ms</Extensions>
    </Filter>
    <Filter Include="include">
      <UniqueIdentifier>{93995380-89BD-4b04-88EB-625FBE52EBFB}</UniqueIdentifier>
      <Extensions>h;hh;hpp;hxx;h++;hm;inl;inc;ipp;xsd</Extensions>
    </Filter>
    <Filter Include="include\molum">
      <UniqueIdentifier>{37453c0d-0aae-43eb-98fe-24b08ee60ff3}</UniqueIdentifier>
    </Filter>
    <Filter Include="include\molum\reflect">
      <UniqueIdentifier>{e62c6772-7ee0-4fdb-8b94-4fc699a50f78}</UniqueIdentifier>
    </Filter>
  </ItemGroup>
  <ItemGroup>
    <ClInclude Include="..\include\molum.hpp">
      <Filter>include</Filter>
    </ClInclude>
    <ClInclude Include="..\include\molum\algorithm.hpp">
      <Filter>include\molum</Filter>
    </ClInclude>
    <ClInclude Include="..\include\molum\type_traits.hpp">
      <Filter>include\molum</Filter>
    </ClInclude>
    <ClInclude Include="..\include\molum\archive.hpp">
      <Filter>include\molum</Filter>
    </ClInclude>
    <ClInclude Include="..\include\molum\reflect\reflect_tuple.hpp">
      <Filter>include\molum\reflect</Filter>
    </ClInclude>
    <ClInclude Include="..\include\molum\reflect\tuple_generated.hpp">
      <Filter>include\molum\reflect</Filter>
    </ClInclude>
    <ClInclude Include="..\include\molum\reflect\tuple_size.hpp">
      <Filter>include\molum\reflect</Filter>
    </ClInclude>
    <ClInclude Include="..\include\molum\reflect.hpp">
      <Filter>include\molum</Filter>
    </ClInclude>
    <ClInclude Include="..\include\molum\streambuf.hpp">
      <Filter>include\molum</Filter>
    </ClInclude>
  </ItemGroup>
  <ItemGroup>
    <ClCompile Include="molum.cpp">
      <Filter>源文件</Filter>
    </ClCompile>
  </ItemGroup>
</Project>